Microsoft Visual Studio Solution File, Format Version 12.00
# Visual Studio Version 17
VisualStudioVersion = 17.5.2.0
MinimumVisualStudioVersion = 10.0.40219.1
Project("{FAE04EC0-301F-11D3-BF4B-00C04F79EFBC}") = "BuckeyeMarketplaceBackend", "BuckeyeMarketplaceBackend\BuckeyeMarketplaceBackend.csproj", "{00CF431A-2C63-7111-E9C4-C79F8BCFF7FF}"
EndProject
Project("{FAE04EC0-301F-11D3-BF4B-00C04F79EFBC}") = "BuckeyeMarketplaceBackend.Tests", "BuckeyeMarketplaceBackend.Tests\BuckeyeMarketplaceBackend.Tests.csproj", "{50E6C6F5-AEF9-41F1-8EB0-C85C810B9B9D}"
EndProject
Global
	GlobalSection(SolutionConfigurationPlatforms) = preSolution
		Debug|Any CPU = Debug|Any CPU
		Release|Any CPU = Release|Any CPU
	EndGlobalSection
	GlobalSection(ProjectConfigurationPlatforms) = postSolution
		{00CF431A-2C63-7111-E9C4-C79F8BCFF7FF}.Debug|Any CPU.ActiveCfg = Debug|Any CPU
		{00CF431A-2C63-7111-E9C4-C79F8BCFF7FF}.Debug|Any CPU.Build.0 = Debug|Any CPU
		{00CF431A-2C63-7111-E9C4-C79F8BCFF7FF}.Release|Any CPU.ActiveCfg = Release|Any CPU
		{00CF431A-2C63-7111-E9C4-C79F8BCFF7FF}.Release|Any CPU.Build.0 = Release|Any CPU
		{50E6C6F5-AEF9-41F1-8EB0-C85C810B9B9D}.Debug|Any CPU.ActiveCfg = Debug|Any CPU
		{50E6C6F5-AEF9-41F1-8EB0-C85C810B9B9D}.Debug|Any CPU.Build.0 = Debug|Any CPU
		{50E6C6F5-AEF9-41F1-8EB0-C85C810B9B9D}.Release|Any CPU.ActiveCfg = Release|Any CPU
		{50E6C6F5-AEF9-41F1-8EB0-C85C810B9B9D}.Release|Any CPU.Build.0 = Release|Any CPU
	EndGlobalSection
	GlobalSection(SolutionProperties) = preSolution
		HideSolutionNode = FALSE
	EndGlobalSection
	GlobalSection(ExtensibilityGlobals) = postSolution
		SolutionGuid = {8EA5B824-0E6C-4633-80CC-5736A6B005B5}
	EndGlobalSection
EndGlobal
